<?xml version="1.0" encoding="utf-8"?>
<Project ToolsVersion="4.0" xmlns="http://schemas.microsoft.com/developer/msbuild/2003">
  <ItemGroup>
    <Filter Include="소스 파일">
      <UniqueIdentifier>{4FC737F1-C7A5-4376-A066-2A32D752A2FF}</UniqueIdentifier>
      <Extensions>cpp;c;cc;cxx;c++;cppm;ixx;def;odl;idl;hpj;bat;asm;asmx</Extensions>
    </Filter>
    <Filter Include="리소스 파일">
      <UniqueIdentifier>{67DA6AB6-F800-4c08-8B7A-83BB121AAD01}</UniqueIdentifier>
      <Extensions>rc;ico;cur;bmp;dlg;rc2;rct;bin;rgs;gif;jpg;jpeg;jpe;resx;tiff;tif;png;wav;mfcribbon-ms</Extensions>
    </Filter>
    <Filter Include="소스 파일\브루트포스">
      <UniqueIdentifier>{016a6859-3dcf-4203-818a-e48c17029e41}</UniqueIdentifier>
    </Filter>
    <Filter Include="소스 파일\재귀/백트레킹">
      <UniqueIdentifier>{fb20a845-92ce-4afa-a15f-9f674d840754}</UniqueIdentifier>
    </Filter>
    <Filter Include="소스 파일\그래프">
      <UniqueIdentifier>{ab46dfc6-3d59-4e55-99ad-106b4518b6a8}</UniqueIdentifier>
    </Filter>
    <Filter Include="소스 파일\그리디">
      <UniqueIdentifier>{a7a46956-36c8-4296-9dd2-8dcfb71908f0}</UniqueIdentifier>
    </Filter>
    <Filter Include="소스 파일\이분탐색">
      <UniqueIdentifier>{066f5fd2-b187-4c6b-81aa-f8bfb3fed5f8}</UniqueIdentifier>
    </Filter>
    <Filter Include="소스 파일\정렬">
      <UniqueIdentifier>{93995380-89BD-4b04-88EB-625FBE52EBFB}</UniqueIdentifier>
      <Extensions>h;hh;hpp;hxx;h++;hm;inl;inc;ipp;xsd</Extensions>
    </Filter>
    <Filter Include="소스 파일\투 포인터">
      <UniqueIdentifier>{835b16c0-dad1-4c7f-8847-0b26a1f264fd}</UniqueIdentifier>
    </Filter>
  </ItemGroup>
  <ItemGroup>
    <ClCompile Include="정렬.cpp">
      <Filter>소스 파일\정렬</Filter>
    </ClCompile>
    <ClCompile Include="11650%28좌표 정렬하기%29.cpp">
      <Filter>소스 파일\정렬</Filter>
    </ClCompile>
    <ClCompile Include="병합정렬.cpp">
      <Filter>소스 파일\정렬</Filter>
    </ClCompile>
    <ClCompile Include="블랙잭(2798).cpp">
      <Filter>소스 파일\브루트포스</Filter>
    </ClCompile>
    <ClCompile Include="블랙잭(2798)-번외-실제조합구성까지구하기.cpp">
      <Filter>소스 파일\브루트포스</Filter>
    </ClCompile>
    <ClCompile Include="분해합(2231).cpp">
      <Filter>소스 파일\브루트포스</Filter>
    </ClCompile>
    <ClCompile Include="영화감독 숌(1436).cpp">
      <Filter>소스 파일\브루트포스</Filter>
    </ClCompile>
    <ClCompile Include="일곱 난쟁이(2309).cpp">
      <Filter>소스 파일\브루트포스</Filter>
    </ClCompile>
    <ClCompile Include="사탕 게임(3085).cpp">
      <Filter>소스 파일\브루트포스</Filter>
    </ClCompile>
    <ClCompile Include="N과M(1)(15649).cpp">
      <Filter>소스 파일\재귀/백트레킹</Filter>
    </ClCompile>
    <ClCompile Include="N과M(2)(15650).cpp">
      <Filter>소스 파일\재귀/백트레킹</Filter>
    </ClCompile>
    <ClCompile Include="N과M%283%29%2815651%29.cpp">
      <Filter>소스 파일\재귀/백트레킹</Filter>
    </ClCompile>
    <ClCompile Include="N과M(4)(15652).cpp">
      <Filter>소스 파일\재귀/백트레킹</Filter>
    </ClCompile>
    <ClCompile Include="N-Queen(9663).cpp">
      <Filter>소스 파일\재귀/백트레킹</Filter>
    </ClCompile>
    <ClCompile Include="그래프입력인접리스트.cpp">
      <Filter>소스 파일\그래프</Filter>
    </ClCompile>
    <ClCompile Include="DFS와 BFS(1260).cpp">
      <Filter>소스 파일\그래프</Filter>
    </ClCompile>
    <ClCompile Include="미로 탐색(2178).cpp">
      <Filter>소스 파일\그래프</Filter>
    </ClCompile>
    <ClCompile Include="토마토(7576).cpp">
      <Filter>소스 파일\그래프</Filter>
    </ClCompile>
    <ClCompile Include="바이러스(2606).cpp">
      <Filter>소스 파일\그래프</Filter>
    </ClCompile>
    <ClCompile Include="동전 0(11047).cpp">
      <Filter>소스 파일\그리디</Filter>
    </ClCompile>
    <ClCompile Include="회의실 배정(1931).cpp">
      <Filter>소스 파일\그리디</Filter>
    </ClCompile>
    <ClCompile Include="ATM(11399).cpp">
      <Filter>소스 파일\그리디</Filter>
    </ClCompile>
    <ClCompile Include="잃어버린 괄호(1541).cpp">
      <Filter>소스 파일\그리디</Filter>
    </ClCompile>
    <ClCompile Include="수 찾기(1920).cpp">
      <Filter>소스 파일\이분탐색</Filter>
    </ClCompile>
    <ClCompile Include="나무 자르기(2805).cpp">
      <Filter>소스 파일\이분탐색</Filter>
    </ClCompile>
    <ClCompile Include="공유기 설치(2110).cpp">
      <Filter>소스 파일\이분탐색</Filter>
    </ClCompile>
    <ClCompile Include="두 수의 합(3273).cpp">
      <Filter>소스 파일\투 포인터</Filter>
    </ClCompile>
    <ClCompile Include="수들의 합 5(2018).cpp">
      <Filter>소스 파일\투 포인터</Filter>
    </ClCompile>
    <ClCompile Include="주몽(1940).cpp">
      <Filter>소스 파일\투 포인터</Filter>
    </ClCompile>
    <ClCompile Include="수열(2559).cpp">
      <Filter>소스 파일\투 포인터</Filter>
    </ClCompile>
    <ClCompile Include="두 용액(2470).cpp">
      <Filter>소스 파일\투 포인터</Filter>
    </ClCompile>
    <ClCompile Include="부분합(1806).cpp">
      <Filter>소스 파일\투 포인터</Filter>
    </ClCompile>
  </ItemGroup>
</Project>